// !$*UTF8*$!
{
	archiveVersion = 1;
	classes = {
	};
	objectVersion = 56;
	objects = {

/* Begin PBXBuildFile section */
		36595CFA297B5BD000D311E1 /* ProductsViewController.swift in Sources */ = {isa = PBXBuildFile; fileRef = 36595CF9297B5BD000D311E1 /* ProductsViewController.swift */; };
		36595CFC297B5C0300D311E1 /* ProductsTableViewCell.swift in Sources */ = {isa = PBXBuildFile; fileRef = 36595CFB297B5C0300D311E1 /* ProductsTableViewCell.swift */; };
		36595CFE297B5C4800D311E1 /* ProductsCollectionViewCell.swift in Sources */ = {isa = PBXBuildFile; fileRef = 36595CFD297B5C4800D311E1 /* ProductsCollectionViewCell.swift */; };
		369434CA2969CE390072D11B /* HomeCollectionViewCell.swift in Sources */ = {isa = PBXBuildFile; fileRef = 369434C92969CE390072D11B /* HomeCollectionViewCell.swift */; };
		369434CC2969CE4F0072D11B /* HomeViewController.swift in Sources */ = {isa = PBXBuildFile; fileRef = 369434CB2969CE4F0072D11B /* HomeViewController.swift */; };
		369FE243296964D800322ABC /* AppDelegate.swift in Sources */ = {isa = PBXBuildFile; fileRef = 369FE242296964D800322ABC /* AppDelegate.swift */; };
		369FE245296964D800322ABC /* SceneDelegate.swift in Sources */ = {isa = PBXBuildFile; fileRef = 369FE244296964D800322ABC /* SceneDelegate.swift */; };
		369FE247296964D800322ABC /* ViewController.swift in Sources */ = {isa = PBXBuildFile; fileRef = 369FE246296964D800322ABC /* ViewController.swift */; };
		369FE24A296964D800322ABC /* Main.storyboard in Resources */ = {isa = PBXBuildFile; fileRef = 369FE248296964D800322ABC /* Main.storyboard */; };
		369FE24C296964DB00322ABC /* Assets.xcassets in Resources */ = {isa = PBXBuildFile; fileRef = 369FE24B296964DB00322ABC /* Assets.xcassets */; };
		369FE24F296964DB00322ABC /* LaunchScreen.storyboard in Resources */ = {isa = PBXBuildFile; fileRef = 369FE24D296964DB00322ABC /* LaunchScreen.storyboard */; };
		369FE25729696A8C00322ABC /* PlantCollectionViewCell.swift in Sources */ = {isa = PBXBuildFile; fileRef = 369FE25629696A8C00322ABC /* PlantCollectionViewCell.swift */; };
		36DA6A15297AD8BC003B35EF /* PhotosViewController.swift in Sources */ = {isa = PBXBuildFile; fileRef = 36DA6A14297AD8BB003B35EF /* PhotosViewController.swift */; };
		36DA6A17297AD904003B35EF /* PhotosCollectionViewCell.swift in Sources */ = {isa = PBXBuildFile; fileRef = 36DA6A16297AD904003B35EF /* PhotosCollectionViewCell.swift */; };
/* End PBXBuildFile section */

/* Begin PBXFileReference section */
		36595CF9297B5BD000D311E1 /* ProductsViewController.swift */ = {isa = PBXFileReference; lastKnownFileType = sourcecode.swift; path = ProductsViewController.swift; sourceTree = "<group>"; };
		36595CFB297B5C0300D311E1 /* ProductsTableViewCell.swift */ = {isa = PBXFileReference; lastKnownFileType = sourcecode.swift; path = ProductsTableViewCell.swift; sourceTree = "<group>"; };
		36595CFD297B5C4800D311E1 /* ProductsCollectionViewCell.swift */ = {isa = PBXFileReference; lastKnownFileType = sourcecode.swift; path = ProductsCollectionViewCell.swift; sourceTree = "<group>"; };
		369434C92969CE390072D11B /* HomeCollectionViewCell.swift */ = {isa = PBXFileReference; lastKnownFileType = sourcecode.swift; path = HomeCollectionViewCell.swift; sourceTree = "<group>"; };
		369434CB2969CE4F0072D11B /* HomeViewController.swift */ = {isa = PBXFileReference; lastKnownFileType = sourcecode.swift; path = HomeViewController.swift; sourceTree = "<group>"; };
		369FE23F296964D800322ABC /* Collection View App .app */ = {isa = PBXFileReference; explicitFileType = wrapper.application; includeInIndex = 0; path = "Collection View App .app"; sourceTree = BUILT_PRODUCTS_DIR; };
		369FE242296964D800322ABC /* AppDelegate.swift */ = {isa = PBXFileReference; lastKnownFileType = sourcecode.swift; path = AppDelegate.swift; sourceTree = "<group>"; };
		369FE244296964D800322ABC /* SceneDelegate.swift */ = {isa = PBXFileReference; lastKnownFileType = sourcecode.swift; path = SceneDelegate.swift; sourceTree = "<group>"; };
		369FE246296964D800322ABC /* ViewController.swift */ = {isa = PBXFileReference; lastKnownFileType = sourcecode.swift; path = ViewController.swift; sourceTree = "<group>"; };
		369FE249296964D800322ABC /* Base */ = {isa = PBXFileReference; lastKnownFileType = file.storyboard; name = Base; path = Base.lproj/Main.storyboard; sourceTree = "<group>"; };
		369FE24B296964DB00322ABC /* Assets.xcassets */ = {isa = PBXFileReference; lastKnownFileType = folder.assetcatalog; path = Assets.xcassets; sourceTree = "<group>"; };
		369FE24E296964DB00322ABC /* Base */ = {isa = PBXFileReference; lastKnownFileType = file.storyboard; name = Base; path = Base.lproj/LaunchScreen.storyboard; sourceTree = "<group>"; };
		369FE250296964DB00322ABC /* Info.plist */ = {isa = PBXFileReference; lastKnownFileType = text.plist.xml; path = Info.plist; sourceTree = "<group>"; };
		369FE25629696A8C00322ABC /* PlantCollectionViewCell.swift */ = {isa = PBXFileReference; lastKnownFileType = sourcecode.swift; path = PlantCollectionViewCell.swift; sourceTree = "<group>"; };
		36DA6A14297AD8BB003B35EF /* PhotosViewController.swift */ = {isa = PBXFileReference; lastKnownFileType = sourcecode.swift; path = PhotosViewController.swift; sourceTree = "<group>"; };
		36DA6A16297AD904003B35EF /* PhotosCollectionViewCell.swift */ = {isa = PBXFileReference; lastKnownFileType = sourcecode.swift; path = PhotosCollectionViewCell.swift; sourceTree = "<group>"; };
/* End PBXFileReference section */

/* Begin PBXFrameworksBuildPhase section */
		369FE23C296964D800322ABC /* Frameworks */ = {
			isa = PBXFrameworksBuildPhase;
			buildActionMask = 2147483647;
			files = (
			);
			runOnlyForDeploymentPostprocessing = 0;
		};
/* End PBXFrameworksBuildPhase section */

/* Begin PBXGroup section */
		369FE236296964D800322ABC = {
			isa = PBXGroup;
			children = (
				369FE241296964D800322ABC /* Collection View App  */,
				369FE240296964D800322ABC /* Products */,
			);
			sourceTree = "<group>";
		};
		369FE240296964D800322ABC /* Products */ = {
			isa = PBXGroup;
			children = (
				369FE23F296964D800322ABC /* Collection View App .app */,
			);
			name = Products;
			sourceTree = "<group>";
		};
		369FE241296964D800322ABC /* Collection View App  */ = {
			isa = PBXGroup;
			children = (
				369FE242296964D800322ABC /* AppDelegate.swift */,
				369FE244296964D800322ABC /* SceneDelegate.swift */,
				369FE246296964D800322ABC /* ViewController.swift */,
				369434C92969CE390072D11B /* HomeCollectionViewCell.swift */,
				369434CB2969CE4F0072D11B /* HomeViewController.swift */,
				369FE25629696A8C00322ABC /* PlantCollectionViewCell.swift */,
				36595CF9297B5BD000D311E1 /* ProductsViewController.swift */,
				36595CFB297B5C0300D311E1 /* ProductsTableViewCell.swift */,
				36595CFD297B5C4800D311E1 /* ProductsCollectionViewCell.swift */,
				36DA6A14297AD8BB003B35EF /* PhotosViewController.swift */,
				36DA6A16297AD904003B35EF /* PhotosCollectionViewCell.swift */,
				369FE248296964D800322ABC /* Main.storyboard */,
				369FE24B296964DB00322ABC /* Assets.xcassets */,
				369FE24D296964DB00322ABC /* LaunchScreen.storyboard */,
				369FE250296964DB00322ABC /* Info.plist */,
			);
			path = "Collection View App ";
			sourceTree = "<group>";
		};
/* End PBXGroup section */

/* Begin PBXNativeTarget section */
		369FE23E296964D800322ABC /* Collection View App  */ = {
			isa = PBXNativeTarget;
			buildConfigurationList = 369FE253296964DB00322ABC /* Build configuration list for PBXNativeTarget "Collection View App " */;
			buildPhases = (
				369FE23B296964D800322ABC /* Sources */,
				369FE23C296964D800322ABC /* Frameworks */,
				369FE23D296964D800322ABC /* Resources */,
			);
			buildRules = (
			);
			dependencies = (
			);
			name = "Collection View App ";
			productName = "53-56";
			productReference = 369FE23F296964D800322ABC /* Collection View App .app */;
			productType = "com.apple.product-type.application";
		};
/* End PBXNativeTarget section */

/* Begin PBXProject section */
		369FE237296964D800322ABC /* Project object */ = {
			isa = PBXProject;
			attributes = {
				BuildIndependentTargetsInParallel = 1;
				LastSwiftUpdateCheck = 1410;
				LastUpgradeCheck = 1410;
				TargetAttributes = {
					369FE23E296964D800322ABC = {
						CreatedOnToolsVersion = 14.1;
					};
				};
			};
			buildConfigurationList = 369FE23A296964D800322ABC /* Build configuration list for PBXProject "Collection View App " */;
			compatibilityVersion = "Xcode 14.0";
			developmentRegion = en;
			hasScannedForEncodings = 0;
			knownRegions = (
				en,
				Base,
			);
			mainGroup = 369FE236296964D800322ABC;
			productRefGroup = 369FE240296964D800322ABC /* Products */;
			projectDirPath = "";
			projectRoot = "";
			targets = (
				369FE23E296964D800322ABC /* Collection View App  */,
			);
		};
/* End PBXProject section */

/* Begin PBXResourcesBuildPhase section */
		369FE23D296964D800322ABC /* Resources */ = {
			isa = PBXResourcesBuildPhase;
			buildActionMask = 2147483647;
			files = (
				369FE24F296964DB00322ABC /* LaunchScreen.storyboard in Resources */,
				369FE24C296964DB00322ABC /* Assets.xcassets in Resources */,
				369FE24A296964D800322ABC /* Main.storyboard in Resources */,
			);
			runOnlyForDeploymentPostprocessing = 0;
		};
/* End PBXResourcesBuildPhase section */

/* Begin PBXSourcesBuildPhase section */
		369FE23B296964D800322ABC /* Sources */ = {
			isa = PBXSourcesBuildPhase;
			buildActionMask = 2147483647;
			files = (
				369434CA2969CE390072D11B /* HomeCollectionViewCell.swift in Sources */,
				36595CFC297B5C0300D311E1 /* ProductsTableViewCell.swift in Sources */,
				369FE247296964D800322ABC /* ViewController.swift in Sources */,
				369FE243296964D800322ABC /* AppDelegate.swift in Sources */,
				369FE25729696A8C00322ABC /* PlantCollectionViewCell.swift in Sources */,
				36DA6A15297AD8BC003B35EF /* PhotosViewController.swift in Sources */,
				36DA6A17297AD904003B35EF /* PhotosCollectionViewCell.swift in Sources */,
				36595CFA297B5BD000D311E1 /* ProductsViewController.swift in Sources */,
				369FE245296964D800322ABC /* SceneDelegate.swift in Sources */,
				36595CFE297B5C4800D311E1 /* ProductsCollectionViewCell.swift in Sources */,
				369434CC2969CE4F0072D11B /* HomeViewController.swift in Sources */,
			);
			runOnlyForDeploymentPostprocessing = 0;
		};
/* End PBXSourcesBuildPhase section */

/* Begin PBXVariantGroup section */
		369FE248296964D800322ABC /* Main.storyboard */ = {
			isa = PBXVariantGroup;
			children = (
				369FE249296964D800322ABC /* Base */,
			);
			name = Main.storyboard;
			sourceTree = "<group>";
		};
		369FE24D296964DB00322ABC /* LaunchScreen.storyboard */ = {
			isa = PBXVariantGroup;
			children = (
				369FE24E296964DB00322ABC /* Base */,
			);
			name = LaunchScreen.storyboard;
			sourceTree = "<group>";
		};
/* End PBXVariantGroup section */

/* Begin XCBuildConfiguration section */
		369FE251296964DB00322ABC /* Debug */ = {
			isa = XCBuildConfiguration;
			buildSettings = {
				ALWAYS_SEARCH_USER_PATHS = NO;
				CLANG_ANALYZER_NONNULL = YES;
				CLANG_ANALYZER_NUMBER_OBJECT_CONVERSION = YES_AGGRESSIVE;
				CLANG_CXX_LANGUAGE_STANDARD = "gnu++20";
				CLANG_ENABLE_MODULES = YES;
				CLANG_ENABLE_OBJC_ARC = YES;
				CLANG_ENABLE_OBJC_WEAK = YES;
				CLANG_WARN_BLOCK_CAPTURE_AUTORELEASING = YES;
				CLANG_WARN_BOOL_CONVERSION = YES;
				CLANG_WARN_COMMA = YES;
				CLANG_WARN_CONSTANT_CONVERSION = YES;
				CLANG_WARN_DEPRECATED_OBJC_IMPLEMENTATIONS = YES;
				CLANG_WARN_DIRECT_OBJC_ISA_USAGE = YES_ERROR;
				CLANG_WARN_DOCUMENTATION_COMMENTS = YES;
				CLANG_WARN_EMPTY_BODY = YES;
				CLANG_WARN_ENUM_CONVERSION = YES;
				CLANG_WARN_INFINITE_RECURSION = YES;
				CLANG_WARN_INT_CONVERSION = YES;
				CLANG_WARN_NON_LITERAL_NULL_CONVERSION = YES;
				CLANG_WARN_OBJC_IMPLICIT_RETAIN_SELF = YES;
				CLANG_WARN_OBJC_LITERAL_CONVERSION = YES;
				CLANG_WARN_OBJC_ROOT_CLASS = YES_ERROR;
				CLANG_WARN_QUOTED_INCLUDE_IN_FRAMEWORK_HEADER = YES;
				CLANG_WARN_RANGE_LOOP_ANALYSIS = YES;
				CLANG_WARN_STRICT_PROTOTYPES = YES;
				CLANG_WARN_SUSPICIOUS_MOVE = YES;
				CLANG_WARN_UNGUARDED_AVAILABILITY = YES_AGGRESSIVE;
				CLANG_WARN_UNREACHABLE_CODE = YES;
				CLANG_WARN__DUPLICATE_METHOD_MATCH = YES;
				COPY_PHASE_STRIP = NO;
				DEBUG_INFORMATION_FORMAT = dwarf;
				ENABLE_STRICT_OBJC_MSGSEND = YES;
				ENABLE_TESTABILITY = YES;
				GCC_C_LANGUAGE_STANDARD = gnu11;
				GCC_DYNAMIC_NO_PIC = NO;
				GCC_NO_COMMON_BLOCKS = YES;
				GCC_OPTIMIZATION_LEVEL = 0;
				GCC_PREPROCESSOR_DEFINITIONS = (
					"DEBUG=1",
					"$(inherited)",
				);
				GCC_WARN_64_TO_32_BIT_CONVERSION = YES;
				GCC_WARN_ABOUT_RETURN_TYPE = YES_ERROR;
				GCC_WARN_UNDECLARED_SELECTOR = YES;
				GCC_WARN_UNINITIALIZED_AUTOS = YES_AGGRESSIVE;
				GCC_WARN_UNUSED_FUNCTION = YES;
				GCC_WARN_UNUSED_VARIABLE = YES;
				IPHONEOS_DEPLOYMENT_TARGET = 16.1;
				MTL_ENABLE_DEBUG_INFO = INCLUDE_SOURCE;
				MTL_FAST_MATH = YES;
				ONLY_ACTIVE_ARCH = YES;
				SDKROOT = iphoneos;
				SWIFT_ACTIVE_COMPILATION_CONDITIONS = DEBUG;
				SWIFT_OPTIMIZATION_LEVEL = "-Onone";
			};
			name = Debug;
		};
		369FE252296964DB00322ABC /* Release */ = {
			isa = XCBuildConfiguration;
			buildSettings = {
				ALWAYS_SEARCH_USER_PATHS = NO;
				CLANG_ANALYZER_NONNULL = YES;
				CLANG_ANALYZER_NUMBER_OBJECT_CONVERSION = YES_AGGRESSIVE;
				CLANG_CXX_LANGUAGE_STANDARD = "gnu++20";
				CLANG_ENABLE_MODULES = YES;
				CLANG_ENABLE_OBJC_ARC = YES;
				CLANG_ENABLE_OBJC_WEAK = YES;
				CLANG_WARN_BLOCK_CAPTURE_AUTORELEASING = YES;
				CLANG_WARN_BOOL_CONVERSION = YES;
				CLANG_WARN_COMMA = YES;
				CLANG_WARN_CONSTANT_CONVERSION = YES;
				CLANG_WARN_DEPRECATED_OBJC_IMPLEMENTATIONS = YES;
				CLANG_WARN_DIRECT_OBJC_ISA_USAGE = YES_ERROR;
				CLANG_WARN_DOCUMENTATION_COMMENTS = YES;
				CLANG_WARN_EMPTY_BODY = YES;
				CLANG_WARN_ENUM_CONVERSION = YES;
				CLANG_WARN_INFINITE_RECURSION = YES;
				CLANG_WARN_INT_CONVERSION = YES;
				CLANG_WARN_NON_LITERAL_NULL_CONVERSION = YES;
				CLANG_WARN_OBJC_IMPLICIT_RETAIN_SELF = YES;
				CLANG_WARN_OBJC_LITERAL_CONVERSION = YES;
				CLANG_WARN_OBJC_ROOT_CLASS = YES_ERROR;
				CLANG_WARN_QUOTED_INCLUDE_IN_FRAMEWORK_HEADER = YES;
				CLANG_WARN_RANGE_LOOP_ANALYSIS = YES;
				CLANG_WARN_STRICT_PROTOTYPES = YES;
				CLANG_WARN_SUSPICIOUS_MOVE = YES;
				CLANG_WARN_UNGUARDED_AVAILABILITY = YES_AGGRESSIVE;
				CLANG_WARN_UNREACHABLE_CODE = YES;
				CLANG_WARN__DUPLICATE_METHOD_MATCH = YES;
				COPY_PHASE_STRIP = NO;
				DEBUG_INFORMATION_FORMAT = "dwarf-with-dsym";
				ENABLE_NS_ASSERTIONS = NO;
				ENABLE_STRICT_OBJC_MSGSEND = YES;
				GCC_C_LANGUAGE_STANDARD = gnu11;
				GCC_NO_COMMON_BLOCKS = YES;
				GCC_WARN_64_TO_32_BIT_CONVERSION = YES;
				GCC_WARN_ABOUT_RETURN_TYPE = YES_ERROR;
				GCC_WARN_UNDECLARED_SELECTOR = YES;
				GCC_WARN_UNINITIALIZED_AUTOS = YES_AGGRESSIVE;
				GCC_WARN_UNUSED_FUNCTION = YES;
				GCC_WARN_UNUSED_VARIABLE = YES;
				IPHONEOS_DEPLOYMENT_TARGET = 16.1;
				MTL_ENABLE_DEBUG_INFO = NO;
				MTL_FAST_MATH = YES;
				SDKROOT = iphoneos;
				SWIFT_COMPILATION_MODE = wholemodule;
				SWIFT_OPTIMIZATION_LEVEL = "-O";
				VALIDATE_PRODUCT = YES;
			};
			name = Release;
		};
		369FE254296964DB00322ABC /* Debug */ = {
			isa = XCBuildConfiguration;
			buildSettings = {
				ASSETCATALOG_COMPILER_APPICON_NAME = AppIcon;
				ASSETCATALOG_COMPILER_GLOBAL_ACCENT_COLOR_NAME = AccentColor;
				CODE_SIGN_STYLE = Automatic;
				CURRENT_PROJECT_VERSION = 1;
				DEVELOPMENT_TEAM = HR7V9T66G6;
				GENERATE_INFOPLIST_FILE = YES;
				INFOPLIST_FILE = "Collection View App Info.plist";
				INFOPLIST_KEY_UIApplicationSupportsIndirectInputEvents = YES;
				INFOPLIST_KEY_UILaunchStoryboardName = LaunchScreen;
				INFOPLIST_KEY_UIMainStoryboardFile = Main;
				INFOPLIST_KEY_UISupportedInterfaceOrientations_iPad = "UIInterfaceOrientationPortrait UIInterfaceOrientationPortraitUpsideDown UIInterfaceOrientationLandscapeLeft UIInterfaceOrientationLandscapeRight";
				INFOPLIST_KEY_UISupportedInterfaceOrientations_iPhone = "UIInterfaceOrientationPortrait UIInterfaceOrientationLandscapeLeft UIInterfaceOrientationLandscapeRight";
				LD_RUNPATH_SEARCH_PATHS = (
					"$(inherited)",
					"@executable_path/Frameworks",
				);
				MARKETING_VERSION = 1.0;
				PRODUCT_BUNDLE_IDENTIFIER = "com.hamdi.-3-56";
				PRODUCT_NAME = "$(TARGET_NAME)";
				SWIFT_EMIT_LOC_STRINGS = YES;
				SWIFT_VERSION = 5.0;
				TARGETED_DEVICE_FAMILY = "1,2";
			};
			name = Debug;
		};
		369FE255296964DB00322ABC /* Release */ = {
			isa = XCBuildConfiguration;
			buildSettings = {
				ASSETCATALOG_COMPILER_APPICON_NAME = AppIcon;
				ASSETCATALOG_COMPILER_GLOBAL_ACCENT_COLOR_NAME = AccentColor;
				CODE_SIGN_STYLE = Automatic;
				CURRENT_PROJECT_VERSION = 1;
				DEVELOPMENT_TEAM = HR7V9T66G6;
				GENERATE_INFOPLIST_FILE = YES;
				INFOPLIST_FILE = "Collection View App Info.plist";
				INFOPLIST_KEY_UIApplicationSupportsIndirectInputEvents = YES;
				INFOPLIST_KEY_UILaunchStoryboardName = LaunchScreen;
				INFOPLIST_KEY_UIMainStoryboardFile = Main;
				INFOPLIST_KEY_UISupportedInterfaceOrientations_iPad = "UIInterfaceOrientationPortrait UIInterfaceOrientationPortraitUpsideDown UIInterfaceOrientationLandscapeLeft UIInterfaceOrientationLandscapeRight";
				INFOPLIST_KEY_UISupportedInterfaceOrientations_iPhone = "UIInterfaceOrientationPortrait UIInterfaceOrientationLandscapeLeft UIInterfaceOrientationLandscapeRight";
				LD_RUNPATH_SEARCH_PATHS = (
					"$(inherited)",
					"@executable_path/Frameworks",
				);
				MARKETING_VERSION = 1.0;
				PRODUCT_BUNDLE_IDENTIFIER = "com.hamdi.-3-56";
				PRODUCT_NAME = "$(TARGET_NAME)";
				SWIFT_EMIT_LOC_STRINGS = YES;
				SWIFT_VERSION = 5.0;
				TARGETED_DEVICE_FAMILY = "1,2";
			};
			name = Release;
		};
/* End XCBuildConfiguration section */

/* Begin XCConfigurationList section */
		369FE23A296964D800322ABC /* Build configuration list for PBXProject "Collection View App " */ = {
			isa = XCConfigurationList;
			buildConfigurations = (
				369FE251296964DB00322ABC /* Debug */,
				369FE252296964DB00322ABC /* Release */,
			);
			defaultConfigurationIsVisible = 0;
			defaultConfigurationName = Release;
		};
		369FE253296964DB00322ABC /* Build configuration list for PBXNativeTarget "Collection View App " */ = {
			isa = XCConfigurationList;
			buildConfigurations = (
				369FE254296964DB00322ABC /* Debug */,
				369FE255296964DB00322ABC /* Release */,
			);
			defaultConfigurationIsVisible = 0;
			defaultConfigurationName = Release;
		};
/* End XCConfigurationList section */
	};
	rootObject = 369FE237296964D800322ABC /* Project object */;
}
